
Microsoft Visual Studio Solution File, Format Version 12.00
# Visual Studio Version 16
VisualStudioVersion = 16.0.32901.82
MinimumVisualStudioVersion = 10.0.40219.1
Project("{FAE04EC0-301F-11D3-BF4B-00C04F79EFBC}") = "5_Event_Aggregation", "5_Event_Aggregation\5_Event_Aggregation.csproj", "{F92284ED-3789-4566-B71A-52BE302348F2}"
EndProject
Global
	GlobalSection(SolutionConfigurationPlatforms) = preSolution
		Debug|Any CPU = Debug|Any CPU
		Release|Any CPU = Release|Any CPU
	EndGlobalSection
	GlobalSection(ProjectConfigurationPlatforms) = postSolution
		{F92284ED-3789-4566-B71A-52BE302348F2}.Debug|Any CPU.ActiveCfg = Debug|Any CPU
		{F92284ED-3789-4566-B71A-52BE302348F2}.Debug|Any CPU.Build.0 = Debug|Any CPU
		{F92284ED-3789-4566-B71A-52BE302348F2}.Release|Any CPU.ActiveCfg = Release|Any CPU
		{F92284ED-3789-4566-B71A-52BE302348F2}.Release|Any CPU.Build.0 = Release|Any CPU
	EndGlobalSection
	GlobalSection(SolutionProperties) = preSolution
		HideSolutionNode = FALSE
	EndGlobalSection
	GlobalSection(ExtensibilityGlobals) = postSolution
		SolutionGuid = {7272EBCD-38D6-4B7B-9602-205BFA4DA489}
	EndGlobalSection
EndGlobal
