
Microsoft Visual Studio Solution File, Format Version 12.00
# Visual Studio Version 16
VisualStudioVersion = 16.0.32901.82
MinimumVisualStudioVersion = 10.0.40219.1
Project("{FAE04EC0-301F-11D3-BF4B-00C04F79EFBC}") = "14_DataGrid_Enable_Binding", "14_DataGrid_Enable_Binding\14_DataGrid_Enable_Binding.csproj", "{CBA17EE6-6AA5-4B1A-852E-1A2C45852F1D}"
EndProject
Global
	GlobalSection(SolutionConfigurationPlatforms) = preSolution
		Debug|Any CPU = Debug|Any CPU
		Release|Any CPU = Release|Any CPU
	EndGlobalSection
	GlobalSection(ProjectConfigurationPlatforms) = postSolution
		{CBA17EE6-6AA5-4B1A-852E-1A2C45852F1D}.Debug|Any CPU.ActiveCfg = Debug|Any CPU
		{CBA17EE6-6AA5-4B1A-852E-1A2C45852F1D}.Debug|Any CPU.Build.0 = Debug|Any CPU
		{CBA17EE6-6AA5-4B1A-852E-1A2C45852F1D}.Release|Any CPU.ActiveCfg = Release|Any CPU
		{CBA17EE6-6AA5-4B1A-852E-1A2C45852F1D}.Release|Any CPU.Build.0 = Release|Any CPU
	EndGlobalSection
	GlobalSection(SolutionProperties) = preSolution
		HideSolutionNode = FALSE
	EndGlobalSection
	GlobalSection(ExtensibilityGlobals) = postSolution
		SolutionGuid = {354F028B-4627-4DF9-BD92-D9669E336253}
	EndGlobalSection
EndGlobal
