
Microsoft Visual Studio Solution File, Format Version 12.00
# Visual Studio Version 16
VisualStudioVersion = 16.0.32901.82
MinimumVisualStudioVersion = 10.0.40219.1
Project("{FAE04EC0-301F-11D3-BF4B-00C04F79EFBC}") = "24_ListView", "24_ListView\24_ListView.csproj", "{C0400CC3-4259-4C1B-83D8-3CD12F372A8C}"
EndProject
Global
	GlobalSection(SolutionConfigurationPlatforms) = preSolution
		Debug|Any CPU = Debug|Any CPU
		Release|Any CPU = Release|Any CPU
	EndGlobalSection
	GlobalSection(ProjectConfigurationPlatforms) = postSolution
		{C0400CC3-4259-4C1B-83D8-3CD12F372A8C}.Debug|Any CPU.ActiveCfg = Debug|Any CPU
		{C0400CC3-4259-4C1B-83D8-3CD12F372A8C}.Debug|Any CPU.Build.0 = Debug|Any CPU
		{C0400CC3-4259-4C1B-83D8-3CD12F372A8C}.Release|Any CPU.ActiveCfg = Release|Any CPU
		{C0400CC3-4259-4C1B-83D8-3CD12F372A8C}.Release|Any CPU.Build.0 = Release|Any CPU
	EndGlobalSection
	GlobalSection(SolutionProperties) = preSolution
		HideSolutionNode = FALSE
	EndGlobalSection
	GlobalSection(ExtensibilityGlobals) = postSolution
		SolutionGuid = {515BED6C-92BA-487C-8B07-93413948FA8F}
	EndGlobalSection
EndGlobal
