
Microsoft Visual Studio Solution File, Format Version 12.00
# Visual Studio Version 16
VisualStudioVersion = 16.0.32901.82
MinimumVisualStudioVersion = 10.0.40219.1
Project("{FAE04EC0-301F-11D3-BF4B-00C04F79EFBC}") = "31_NModbus_Connection", "31_NModbus_Connection\31_NModbus_Connection.csproj", "{EE62D3B7-95B1-49FC-85CE-873B29116AD1}"
EndProject
Global
	GlobalSection(SolutionConfigurationPlatforms) = preSolution
		Debug|Any CPU = Debug|Any CPU
		Release|Any CPU = Release|Any CPU
	EndGlobalSection
	GlobalSection(ProjectConfigurationPlatforms) = postSolution
		{EE62D3B7-95B1-49FC-85CE-873B29116AD1}.Debug|Any CPU.ActiveCfg = Debug|Any CPU
		{EE62D3B7-95B1-49FC-85CE-873B29116AD1}.Debug|Any CPU.Build.0 = Debug|Any CPU
		{EE62D3B7-95B1-49FC-85CE-873B29116AD1}.Release|Any CPU.ActiveCfg = Release|Any CPU
		{EE62D3B7-95B1-49FC-85CE-873B29116AD1}.Release|Any CPU.Build.0 = Release|Any CPU
	EndGlobalSection
	GlobalSection(SolutionProperties) = preSolution
		HideSolutionNode = FALSE
	EndGlobalSection
	GlobalSection(ExtensibilityGlobals) = postSolution
		SolutionGuid = {590BD854-6447-4057-9DD3-952D8B4AC284}
	EndGlobalSection
EndGlobal
