
Microsoft Visual Studio Solution File, Format Version 12.00
# Visual Studio Version 16
VisualStudioVersion = 16.0.32901.82
MinimumVisualStudioVersion = 10.0.40219.1
Project("{FAE04EC0-301F-11D3-BF4B-00C04F79EFBC}") = "21_Infinite_Loop_Problem", "21_Infinite_Loop_Problem\21_Infinite_Loop_Problem.csproj", "{A5532CCE-1AF7-43D6-85CB-8723DB27659B}"
EndProject
Global
	GlobalSection(SolutionConfigurationPlatforms) = preSolution
		Debug|Any CPU = Debug|Any CPU
		Release|Any CPU = Release|Any CPU
	EndGlobalSection
	GlobalSection(ProjectConfigurationPlatforms) = postSolution
		{A5532CCE-1AF7-43D6-85CB-8723DB27659B}.Debug|Any CPU.ActiveCfg = Debug|Any CPU
		{A5532CCE-1AF7-43D6-85CB-8723DB27659B}.Debug|Any CPU.Build.0 = Debug|Any CPU
		{A5532CCE-1AF7-43D6-85CB-8723DB27659B}.Release|Any CPU.ActiveCfg = Release|Any CPU
		{A5532CCE-1AF7-43D6-85CB-8723DB27659B}.Release|Any CPU.Build.0 = Release|Any CPU
	EndGlobalSection
	GlobalSection(SolutionProperties) = preSolution
		HideSolutionNode = FALSE
	EndGlobalSection
	GlobalSection(ExtensibilityGlobals) = postSolution
		SolutionGuid = {E6BE576C-78ED-4669-A456-2FE2C8074580}
	EndGlobalSection
EndGlobal
