
Microsoft Visual Studio Solution File, Format Version 12.00
# Visual Studio Version 16
VisualStudioVersion = 16.0.32901.82
MinimumVisualStudioVersion = 10.0.40219.1
Project("{FAE04EC0-301F-11D3-BF4B-00C04F79EFBC}") = "2_NModbus", "2_NModbus\2_NModbus.csproj", "{191EB150-DB7F-44BD-BC76-956D88B6A2EA}"
EndProject
Global
	GlobalSection(SolutionConfigurationPlatforms) = preSolution
		Debug|Any CPU = Debug|Any CPU
		Release|Any CPU = Release|Any CPU
	EndGlobalSection
	GlobalSection(ProjectConfigurationPlatforms) = postSolution
		{191EB150-DB7F-44BD-BC76-956D88B6A2EA}.Debug|Any CPU.ActiveCfg = Debug|Any CPU
		{191EB150-DB7F-44BD-BC76-956D88B6A2EA}.Debug|Any CPU.Build.0 = Debug|Any CPU
		{191EB150-DB7F-44BD-BC76-956D88B6A2EA}.Release|Any CPU.ActiveCfg = Release|Any CPU
		{191EB150-DB7F-44BD-BC76-956D88B6A2EA}.Release|Any CPU.Build.0 = Release|Any CPU
	EndGlobalSection
	GlobalSection(SolutionProperties) = preSolution
		HideSolutionNode = FALSE
	EndGlobalSection
	GlobalSection(ExtensibilityGlobals) = postSolution
		SolutionGuid = {0125F561-C8B9-4489-A22A-024E32DB7B19}
	EndGlobalSection
EndGlobal
